
Microsoft Visual Studio Solution File, Format Version 12.00
# Visual Studio Version 16
VisualStudioVersion = 16.0.28922.388
MinimumVisualStudioVersion = 10.0.40219.1
Project("{9A19103F-16F7-4668-BE54-9A1E7A4F7556}") = "Th.Music", "Th.Music\Th.Music.csproj", "{5C3AB1B2-0EE4-45DC-8F92-6C686853846A}"
EndProject
Project("{9A19103F-16F7-4668-BE54-9A1E7A4F7556}") = "Th.Music.Services", "Th.Music.Services\Th.Music.Services.csproj", "{807069D3-A84E-48DB-924F-27E5CFC3E0A7}"
EndProject
Project("{9A19103F-16F7-4668-BE54-9A1E7A4F7556}") = "Th.Music.Repositories", "Th.Music.Repositories\Th.Music.Repositories.csproj", "{6E89B760-9BCD-4624-9E96-B9C155990E4E}"
EndProject
Project("{9A19103F-16F7-4668-BE54-9A1E7A4F7556}") = "Th.Music.Validators", "Th.Music.Validators\Th.Music.Validators.csproj", "{495CCC66-9BED-410A-9047-DD46AC30E5F6}"
EndProject
Project("{9A19103F-16F7-4668-BE54-9A1E7A4F7556}") = "Th.Music.Dtos", "Th.Music.Dtos\Th.Music.Dtos.csproj", "{C3B77E2E-4ECA-4C51-8B7A-F422BC77AFEF}"
EndProject
Project("{9A19103F-16F7-4668-BE54-9A1E7A4F7556}") = "Th.Music.IServices", "Th.Music.IServices\Th.Music.IServices.csproj", "{210404A4-FBF0-4452-A4DB-8C977579DFD1}"
EndProject
Project("{9A19103F-16F7-4668-BE54-9A1E7A4F7556}") = "Th.Music.IRepositories", "Th.Music.IRepositories\Th.Music.IRepositories.csproj", "{CE1CB62D-8253-49FC-A0DC-107DE8BDEA66}"
EndProject
Project("{9A19103F-16F7-4668-BE54-9A1E7A4F7556}") = "Th.Music.Entities", "Th.Music.Entities\Th.Music.Entities.csproj", "{858F1B6E-EEDD-4DA5-94A4-7C7FF0827CD8}"
EndProject
Project("{2150E333-8FDC-42A3-9474-1A3956D46DE8}") = "Infrastructure", "Infrastructure", "{9D76FADC-67D5-496B-8D86-511652593E95}"
EndProject
Project("{9A19103F-16F7-4668-BE54-9A1E7A4F7556}") = "Th.Music.Response", "Th.Music.Response\Th.Music.Response.csproj", "{97DA6AF9-46E1-4427-A14E-409BA6F5868B}"
EndProject
Project("{2150E333-8FDC-42A3-9474-1A3956D46DE8}") = "Applications", "Applications", "{E5EA59C1-D945-4EE2-8BB7-9ACE44D96282}"
EndProject
Project("{2150E333-8FDC-42A3-9474-1A3956D46DE8}") = "Services", "Services", "{CCE3AC89-809E-4B53-8A31-1FE1BA312CA5}"
EndProject
Project("{2150E333-8FDC-42A3-9474-1A3956D46DE8}") = "Repositories", "Repositories", "{DC4CFB27-57A1-4FB6-AFBC-5D2DB4613496}"
EndProject
Project("{2150E333-8FDC-42A3-9474-1A3956D46DE8}") = "Validators", "Validators", "{89CC7FB8-1502-4078-A153-6F568A3FDB0C}"
EndProject
Global
	GlobalSection(SolutionConfigurationPlatforms) = preSolution
		Debug|Any CPU = Debug|Any CPU
		Release|Any CPU = Release|Any CPU
	EndGlobalSection
	GlobalSection(ProjectConfigurationPlatforms) = postSolution
		{5C3AB1B2-0EE4-45DC-8F92-6C686853846A}.Debug|Any CPU.ActiveCfg = Debug|Any CPU
		{5C3AB1B2-0EE4-45DC-8F92-6C686853846A}.Debug|Any CPU.Build.0 = Debug|Any CPU
		{5C3AB1B2-0EE4-45DC-8F92-6C686853846A}.Release|Any CPU.ActiveCfg = Release|Any CPU
		{5C3AB1B2-0EE4-45DC-8F92-6C686853846A}.Release|Any CPU.Build.0 = Release|Any CPU
		{807069D3-A84E-48DB-924F-27E5CFC3E0A7}.Debug|Any CPU.ActiveCfg = Debug|Any CPU
		{807069D3-A84E-48DB-924F-27E5CFC3E0A7}.Debug|Any CPU.Build.0 = Debug|Any CPU
		{807069D3-A84E-48DB-924F-27E5CFC3E0A7}.Release|Any CPU.ActiveCfg = Release|Any CPU
		{807069D3-A84E-48DB-924F-27E5CFC3E0A7}.Release|Any CPU.Build.0 = Release|Any CPU
		{6E89B760-9BCD-4624-9E96-B9C155990E4E}.Debug|Any CPU.ActiveCfg = Debug|Any CPU
		{6E89B760-9BCD-4624-9E96-B9C155990E4E}.Debug|Any CPU.Build.0 = Debug|Any CPU
		{6E89B760-9BCD-4624-9E96-B9C155990E4E}.Release|Any CPU.ActiveCfg = Release|Any CPU
		{6E89B760-9BCD-4624-9E96-B9C155990E4E}.Release|Any CPU.Build.0 = Release|Any CPU
		{495CCC66-9BED-410A-9047-DD46AC30E5F6}.Debug|Any CPU.ActiveCfg = Debug|Any CPU
		{495CCC66-9BED-410A-9047-DD46AC30E5F6}.Debug|Any CPU.Build.0 = Debug|Any CPU
		{495CCC66-9BED-410A-9047-DD46AC30E5F6}.Release|Any CPU.ActiveCfg = Release|Any CPU
		{495CCC66-9BED-410A-9047-DD46AC30E5F6}.Release|Any CPU.Build.0 = Release|Any CPU
		{C3B77E2E-4ECA-4C51-8B7A-F422BC77AFEF}.Debug|Any CPU.ActiveCfg = Debug|Any CPU
		{C3B77E2E-4ECA-4C51-8B7A-F422BC77AFEF}.Debug|Any CPU.Build.0 = Debug|Any CPU
		{C3B77E2E-4ECA-4C51-8B7A-F422BC77AFEF}.Release|Any CPU.ActiveCfg = Release|Any CPU
		{C3B77E2E-4ECA-4C51-8B7A-F422BC77AFEF}.Release|Any CPU.Build.0 = Release|Any CPU
		{210404A4-FBF0-4452-A4DB-8C977579DFD1}.Debug|Any CPU.ActiveCfg = Debug|Any CPU
		{210404A4-FBF0-4452-A4DB-8C977579DFD1}.Debug|Any CPU.Build.0 = Debug|Any CPU
		{210404A4-FBF0-4452-A4DB-8C977579DFD1}.Release|Any CPU.ActiveCfg = Release|Any CPU
		{210404A4-FBF0-4452-A4DB-8C977579DFD1}.Release|Any CPU.Build.0 = Release|Any CPU
		{CE1CB62D-8253-49FC-A0DC-107DE8BDEA66}.Debug|Any CPU.ActiveCfg = Debug|Any CPU
		{CE1CB62D-8253-49FC-A0DC-107DE8BDEA66}.Debug|Any CPU.Build.0 = Debug|Any CPU
		{CE1CB62D-8253-49FC-A0DC-107DE8BDEA66}.Release|Any CPU.ActiveCfg = Release|Any CPU
		{CE1CB62D-8253-49FC-A0DC-107DE8BDEA66}.Release|Any CPU.Build.0 = Release|Any CPU
		{858F1B6E-EEDD-4DA5-94A4-7C7FF0827CD8}.Debug|Any CPU.ActiveCfg = Debug|Any CPU
		{858F1B6E-EEDD-4DA5-94A4-7C7FF0827CD8}.Debug|Any CPU.Build.0 = Debug|Any CPU
		{858F1B6E-EEDD-4DA5-94A4-7C7FF0827CD8}.Release|Any CPU.ActiveCfg = Release|Any CPU
		{858F1B6E-EEDD-4DA5-94A4-7C7FF0827CD8}.Release|Any CPU.Build.0 = Release|Any CPU
		{97DA6AF9-46E1-4427-A14E-409BA6F5868B}.Debug|Any CPU.ActiveCfg = Debug|Any CPU
		{97DA6AF9-46E1-4427-A14E-409BA6F5868B}.Debug|Any CPU.Build.0 = Debug|Any CPU
		{97DA6AF9-46E1-4427-A14E-409BA6F5868B}.Release|Any CPU.ActiveCfg = Release|Any CPU
		{97DA6AF9-46E1-4427-A14E-409BA6F5868B}.Release|Any CPU.Build.0 = Release|Any CPU
	EndGlobalSection
	GlobalSection(SolutionProperties) = preSolution
		HideSolutionNode = FALSE
	EndGlobalSection
	GlobalSection(NestedProjects) = preSolution
		{5C3AB1B2-0EE4-45DC-8F92-6C686853846A} = {E5EA59C1-D945-4EE2-8BB7-9ACE44D96282}
		{807069D3-A84E-48DB-924F-27E5CFC3E0A7} = {CCE3AC89-809E-4B53-8A31-1FE1BA312CA5}
		{6E89B760-9BCD-4624-9E96-B9C155990E4E} = {DC4CFB27-57A1-4FB6-AFBC-5D2DB4613496}
		{495CCC66-9BED-410A-9047-DD46AC30E5F6} = {89CC7FB8-1502-4078-A153-6F568A3FDB0C}
		{C3B77E2E-4ECA-4C51-8B7A-F422BC77AFEF} = {CCE3AC89-809E-4B53-8A31-1FE1BA312CA5}
		{210404A4-FBF0-4452-A4DB-8C977579DFD1} = {CCE3AC89-809E-4B53-8A31-1FE1BA312CA5}
		{CE1CB62D-8253-49FC-A0DC-107DE8BDEA66} = {DC4CFB27-57A1-4FB6-AFBC-5D2DB4613496}
		{858F1B6E-EEDD-4DA5-94A4-7C7FF0827CD8} = {DC4CFB27-57A1-4FB6-AFBC-5D2DB4613496}
		{97DA6AF9-46E1-4427-A14E-409BA6F5868B} = {9D76FADC-67D5-496B-8D86-511652593E95}
	EndGlobalSection
	GlobalSection(ExtensibilityGlobals) = postSolution
		SolutionGuid = {BDEBA9FC-AEB2-4C07-A955-FBF6A3210DBF}
	EndGlobalSection
EndGlobal
